{
  "version": 4,
  "terraform_version": "1.11.4",
  "serial": 5,
  "lineage": "1ce1e187-e366-e833-f3e4-2d8e18455d8d",
  "outputs": {},
  "resources": [
    {
      "mode": "managed",
      "type": "azurerm_app_service",
      "name": "app",
      "provider": "provider[\"registry.terraform.io/hashicorp/azurerm\"]",
      "instances": [
        {
          "schema_version": 0,
          "attributes": {
            "app_service_plan_id": "/subscriptions/d9908df3-76ce-4786-a03b-9392307fc1fb/resourceGroups/petshop-bicho-feliz/providers/Microsoft.Web/serverFarms/petshop-bicho-feliz-plan",
            "app_settings": {
              "SCM_DO_BUILD_DURING_DEPLOYMENT": "true",
              "WEBSITES_ENABLE_APP_SERVICE_STORAGE": "true"
            },
            "auth_settings": [
              {
                "active_directory": [],
                "additional_login_params": {},
                "allowed_external_redirect_urls": [],
                "default_provider": "",
                "enabled": false,
                "facebook": [],
                "google": [],
                "issuer": "",
                "microsoft": [],
                "runtime_version": "",
                "token_refresh_extension_hours": 0,
                "token_store_enabled": false,
                "twitter": [],
                "unauthenticated_client_action": ""
              }
            ],
            "backup": [],
            "client_affinity_enabled": false,
            "client_cert_enabled": false,
            "client_cert_mode": "Required",
            "connection_string": [],
            "custom_domain_verification_id": "AE9F639656B6957A5A0E31C8F23C7A9A7E1C47D151037C76C6ABA9B3C0B5569E",
            "default_site_hostname": "petshop-bicho-feliz-app.azurewebsites.net",
            "enabled": true,
            "https_only": false,
            "id": "/subscriptions/d9908df3-76ce-4786-a03b-9392307fc1fb/resourceGroups/petshop-bicho-feliz/providers/Microsoft.Web/sites/petshop-bicho-feliz-app",
            "identity": [],
            "key_vault_reference_identity_id": "SystemAssigned",
            "location": "canadacentral",
            "logs": [
              {
                "application_logs": [
                  {
                    "azure_blob_storage": [],
                    "file_system_level": "Off"
                  }
                ],
                "detailed_error_messages_enabled": false,
                "failed_request_tracing_enabled": false,
                "http_logs": [
                  {
                    "azure_blob_storage": [],
                    "file_system": []
                  }
                ]
              }
            ],
            "name": "petshop-bicho-feliz-app",
            "outbound_ip_address_list": [
              "130.107.159.126",
              "130.107.156.254",
              "130.107.157.44",
              "130.107.157.238",
              "130.107.157.255",
              "130.107.158.152",
              "130.107.159.45",
              "130.107.159.61",
              "130.107.159.66",
              "130.107.159.69",
              "130.107.159.71",
              "130.107.159.75",
              "20.48.204.14"
            ],
            "outbound_ip_addresses": "130.107.159.126,130.107.156.254,130.107.157.44,130.107.157.238,130.107.157.255,130.107.158.152,130.107.159.45,130.107.159.61,130.107.159.66,130.107.159.69,130.107.159.71,130.107.159.75,20.48.204.14",
            "possible_outbound_ip_address_list": [
              "130.107.159.126",
              "130.107.156.254",
              "130.107.157.44",
              "130.107.157.238",
              "130.107.157.255",
              "130.107.158.152",
              "130.107.159.45",
              "130.107.159.61",
              "130.107.159.66",
              "130.107.159.69",
              "130.107.159.71",
              "130.107.159.75",
              "130.107.159.77",
              "130.107.159.78",
              "130.107.159.81",
              "130.107.159.89",
              "130.107.159.96",
              "130.107.159.99",
              "130.107.159.104",
              "130.107.159.108",
              "130.107.159.112",
              "130.107.159.116",
              "130.107.159.119",
              "130.107.159.121",
              "130.107.159.141",
              "130.107.159.158",
              "130.107.159.174",
              "130.107.159.180",
              "130.107.159.187",
              "130.107.159.201",
              "20.48.204.14"
            ],
            "possible_outbound_ip_addresses": "130.107.159.126,130.107.156.254,130.107.157.44,130.107.157.238,130.107.157.255,130.107.158.152,130.107.159.45,130.107.159.61,130.107.159.66,130.107.159.69,130.107.159.71,130.107.159.75,130.107.159.77,130.107.159.78,130.107.159.81,130.107.159.89,130.107.159.96,130.107.159.99,130.107.159.104,130.107.159.108,130.107.159.112,130.107.159.116,130.107.159.119,130.107.159.121,130.107.159.141,130.107.159.158,130.107.159.174,130.107.159.180,130.107.159.187,130.107.159.201,20.48.204.14",
            "resource_group_name": "petshop-bicho-feliz",
            "site_config": [
              {
                "acr_use_managed_identity_credentials": false,
                "acr_user_managed_identity_client_id": "",
                "always_on": false,
                "app_command_line": "",
                "auto_swap_slot_name": "",
                "cors": [
                  {
                    "allowed_origins": [],
                    "support_credentials": false
                  }
                ],
                "default_documents": null,
                "dotnet_framework_version": "v4.0",
                "ftps_state": "FtpsOnly",
                "health_check_path": "",
                "http2_enabled": false,
                "ip_restriction": [],
                "java_container": "",
                "java_container_version": "",
                "java_version": "",
                "linux_fx_version": "PYTHON|3.10",
                "local_mysql_enabled": false,
                "managed_pipeline_mode": "Integrated",
                "min_tls_version": "1.2",
                "number_of_workers": 1,
                "php_version": "",
                "python_version": "",
                "remote_debugging_enabled": false,
                "remote_debugging_version": "VS2022",
                "scm_ip_restriction": [],
                "scm_type": "None",
                "scm_use_main_ip_restriction": false,
                "use_32_bit_worker_process": false,
                "vnet_route_all_enabled": false,
                "websockets_enabled": false,
                "windows_fx_version": ""
              }
            ],
            "site_credential": [
              {
                "password": "0dBEiTu8K5kqSsssrqudSsibE6G6cdtz01PM1Cdqs5l9GKst5hd7wTKqXaC2",
                "username": "$petshop-bicho-feliz-app"
              }
            ],
            "source_control": [
              {
                "branch": "main",
                "manual_integration": false,
                "repo_url": "",
                "rollback_enabled": false,
                "use_mercurial": false
              }
            ],
            "storage_account": [],
            "tags": null,
            "timeouts": null
          },
          "sensitive_attributes": [],
          "private": "eyJlMmJmYjczMC1lY2FhLTExZTYtOGY4OC0zNDM2M2JjN2M0YzAiOnsiY3JlYXRlIjoxODAwMDAwMDAwMDAwLCJkZWxldGUiOjE4MDAwMDAwMDAwMDAsInJlYWQiOjMwMDAwMDAwMDAwMCwidXBkYXRlIjoxODAwMDAwMDAwMDAwfX0=",
          "dependencies": [
            "azurerm_app_service_plan.plan",
            "azurerm_resource_group.rg"
          ]
        }
      ]
    },
    {
      "mode": "managed",
      "type": "azurerm_app_service_plan",
      "name": "plan",
      "provider": "provider[\"registry.terraform.io/hashicorp/azurerm\"]",
      "instances": [
        {
          "schema_version": 1,
          "attributes": {
            "app_service_environment_id": "",
            "id": "/subscriptions/d9908df3-76ce-4786-a03b-9392307fc1fb/resourceGroups/petshop-bicho-feliz/providers/Microsoft.Web/serverFarms/petshop-bicho-feliz-plan",
            "is_xenon": false,
            "kind": "linux",
            "location": "canadacentral",
            "maximum_elastic_worker_count": 1,
            "maximum_number_of_workers": 3,
            "name": "petshop-bicho-feliz-plan",
            "per_site_scaling": false,
            "reserved": true,
            "resource_group_name": "petshop-bicho-feliz",
            "sku": [
              {
                "capacity": 1,
                "size": "B1",
                "tier": "Basic"
              }
            ],
            "tags": null,
            "timeouts": null,
            "zone_redundant": false
          },
          "sensitive_attributes": [],
          "private": "eyJlMmJmYjczMC1lY2FhLTExZTYtOGY4OC0zNDM2M2JjN2M0YzAiOnsiY3JlYXRlIjozNjAwMDAwMDAwMDAwLCJkZWxldGUiOjM2MDAwMDAwMDAwMDAsInJlYWQiOjMwMDAwMDAwMDAwMCwidXBkYXRlIjozNjAwMDAwMDAwMDAwfSwic2NoZW1hX3ZlcnNpb24iOiIxIn0=",
          "dependencies": [
            "azurerm_resource_group.rg"
          ]
        }
      ]
    },
    {
      "mode": "managed",
      "type": "azurerm_resource_group",
      "name": "rg",
      "provider": "provider[\"registry.terraform.io/hashicorp/azurerm\"]",
      "instances": [
        {
          "schema_version": 0,
          "attributes": {
            "id": "/subscriptions/d9908df3-76ce-4786-a03b-9392307fc1fb/resourceGroups/petshop-bicho-feliz",
            "location": "canadacentral",
            "managed_by": "",
            "name": "petshop-bicho-feliz",
            "tags": null,
            "timeouts": null
          },
          "sensitive_attributes": [],
          "private": "eyJlMmJmYjczMC1lY2FhLTExZTYtOGY4OC0zNDM2M2JjN2M0YzAiOnsiY3JlYXRlIjo1NDAwMDAwMDAwMDAwLCJkZWxldGUiOjU0MDAwMDAwMDAwMDAsInJlYWQiOjMwMDAwMDAwMDAwMCwidXBkYXRlIjo1NDAwMDAwMDAwMDAwfX0="
        }
      ]
    }
  ],
  "check_results": null
}
